PODS:
  - beauty_cam (1.0.1):
    - beauty_cam/cge (= 1.0.1)
    - Flutter
  - beauty_cam/cge (1.0.1):
    - Flutter
  - Flutter (1.0.0)
  - path_provider_foundation (0.0.1):
    - Flutter
    - FlutterMacOS
  - permission_handler_apple (9.1.1):
    - Flutter

DEPENDENCIES:
  - beauty_cam (from `.symlinks/plugins/beauty_cam/ios`)
  - Flutter (from `Flutter`)
  - path_provider_foundation (from `.symlinks/plugins/path_provider_foundation/ios`)
  - permission_handler_apple (from `.symlinks/plugins/permission_handler_apple/ios`)

EXTERNAL SOURCES:
  beauty_cam:
    :path: ".symlinks/plugins/beauty_cam/ios"
  Flutter:
    :path: Flutter
  path_provider_foundation:
    :path: ".symlinks/plugins/path_provider_foundation/ios"
  permission_handler_apple:
    :path: ".symlinks/plugins/permission_handler_apple/ios"

SPEC CHECKSUMS:
  beauty_cam: 5090a974116ec8c9b2477e0e68c54c7442dedb65
  Flutter: f04841e97a9d0b0a8025694d0796dd46242b2854
  path_provider_foundation: 29f094ae23ebbca9d3d0cec13889cd9060c0e943
  permission_handler_apple: e76247795d700c14ea09e3a2d8855d41ee80a2e6

PODFILE CHECKSUM: 1d859ecc97b37d0cd4ba4ce63fbac09df133a68c

COCOAPODS: 1.12.1
